
Microsoft Visual Studio Solution File, Format Version 12.00
# Visual Studio Version 17
VisualStudioVersion = 17.6.33829.357
MinimumVisualStudioVersion = 10.0.40219.1
Project("{FAE04EC0-301F-11D3-BF4B-00C04F79EFBC}") = "NuClean", "NuClean\NuClean.csproj", "{63B07AC0-97D5-4F57-98D0-918087948982}"
EndProject
Global
	GlobalSection(SolutionConfigurationPlatforms) = preSolution
		Debug|Any CPU = Debug|Any CPU
		Release|Any CPU = Release|Any CPU
	EndGlobalSection
	GlobalSection(ProjectConfigurationPlatforms) = postSolution
		{63B07AC0-97D5-4F57-98D0-918087948982}.Debug|Any CPU.ActiveCfg = Debug|Any CPU
		{63B07AC0-97D5-4F57-98D0-918087948982}.Debug|Any CPU.Build.0 = Debug|Any CPU
		{63B07AC0-97D5-4F57-98D0-918087948982}.Release|Any CPU.ActiveCfg = Release|Any CPU
		{63B07AC0-97D5-4F57-98D0-918087948982}.Release|Any CPU.Build.0 = Release|Any CPU
	EndGlobalSection
	GlobalSection(SolutionProperties) = preSolution
		HideSolutionNode = FALSE
	EndGlobalSection
	GlobalSection(ExtensibilityGlobals) = postSolution
		SolutionGuid = {D871076C-A4C0-4A16-B483-996CC7C9A589}
	EndGlobalSection
EndGlobal
